
Microsoft Visual Studio Solution File, Format Version 12.00
# Visual Studio Version 16
VisualStudioVersion = 16.0.28803.352
MinimumVisualStudioVersion = 10.0.40219.1
Project("{FAE04EC0-301F-11D3-BF4B-00C04F79EFBC}") = "AlmilaApp.Core", "AlmilaApp.Core\AlmilaApp.Core.csproj", "{3DE0A25E-40FD-4302-BEE5-BBFC6BFA222A}"
EndProject
Project("{FAE04EC0-301F-11D3-BF4B-00C04F79EFBC}") = "AlmilaApp.Entities", "AlmilaApp.Entities\AlmilaApp.Entities.csproj", "{94BEF6DA-D097-41B7-BE76-8249C7AEAC94}"
EndProject
Project("{FAE04EC0-301F-11D3-BF4B-00C04F79EFBC}") = "AlmilaApp.Business", "AlmilaApp.Business\AlmilaApp.Business.csproj", "{1056A14C-3722-4F76-9264-061F3A5D589C}"
EndProject
Project("{FAE04EC0-301F-11D3-BF4B-00C04F79EFBC}") = "AlmilaApp.DataAccess", "AlmilaApp.Data\AlmilaApp.DataAccess.csproj", "{0D9C380C-FBAD-4CC5-BC38-6898F6980943}"
EndProject
Project("{FAE04EC0-301F-11D3-BF4B-00C04F79EFBC}") = "AlmilaApp.MvcUI", "AlmilaApp.MvcUI\AlmilaApp.MvcUI.csproj", "{BABC7628-30E0-4363-B055-A50624A95FA8}"
EndProject
Global
	GlobalSection(SolutionConfigurationPlatforms) = preSolution
		Debug|Any CPU = Debug|Any CPU
		Release|Any CPU = Release|Any CPU
	EndGlobalSection
	GlobalSection(ProjectConfigurationPlatforms) = postSolution
		{3DE0A25E-40FD-4302-BEE5-BBFC6BFA222A}.Debug|Any CPU.ActiveCfg = Debug|Any CPU
		{3DE0A25E-40FD-4302-BEE5-BBFC6BFA222A}.Debug|Any CPU.Build.0 = Debug|Any CPU
		{3DE0A25E-40FD-4302-BEE5-BBFC6BFA222A}.Release|Any CPU.ActiveCfg = Release|Any CPU
		{3DE0A25E-40FD-4302-BEE5-BBFC6BFA222A}.Release|Any CPU.Build.0 = Release|Any CPU
		{94BEF6DA-D097-41B7-BE76-8249C7AEAC94}.Debug|Any CPU.ActiveCfg = Debug|Any CPU
		{94BEF6DA-D097-41B7-BE76-8249C7AEAC94}.Debug|Any CPU.Build.0 = Debug|Any CPU
		{94BEF6DA-D097-41B7-BE76-8249C7AEAC94}.Release|Any CPU.ActiveCfg = Release|Any CPU
		{94BEF6DA-D097-41B7-BE76-8249C7AEAC94}.Release|Any CPU.Build.0 = Release|Any CPU
		{1056A14C-3722-4F76-9264-061F3A5D589C}.Debug|Any CPU.ActiveCfg = Debug|Any CPU
		{1056A14C-3722-4F76-9264-061F3A5D589C}.Debug|Any CPU.Build.0 = Debug|Any CPU
		{1056A14C-3722-4F76-9264-061F3A5D589C}.Release|Any CPU.ActiveCfg = Release|Any CPU
		{1056A14C-3722-4F76-9264-061F3A5D589C}.Release|Any CPU.Build.0 = Release|Any CPU
		{0D9C380C-FBAD-4CC5-BC38-6898F6980943}.Debug|Any CPU.ActiveCfg = Debug|Any CPU
		{0D9C380C-FBAD-4CC5-BC38-6898F6980943}.Debug|Any CPU.Build.0 = Debug|Any CPU
		{0D9C380C-FBAD-4CC5-BC38-6898F6980943}.Release|Any CPU.ActiveCfg = Release|Any CPU
		{0D9C380C-FBAD-4CC5-BC38-6898F6980943}.Release|Any CPU.Build.0 = Release|Any CPU
		{BABC7628-30E0-4363-B055-A50624A95FA8}.Debug|Any CPU.ActiveCfg = Debug|Any CPU
		{BABC7628-30E0-4363-B055-A50624A95FA8}.Debug|Any CPU.Build.0 = Debug|Any CPU
		{BABC7628-30E0-4363-B055-A50624A95FA8}.Release|Any CPU.ActiveCfg = Release|Any CPU
		{BABC7628-30E0-4363-B055-A50624A95FA8}.Release|Any CPU.Build.0 = Release|Any CPU
	EndGlobalSection
	GlobalSection(SolutionProperties) = preSolution
		HideSolutionNode = FALSE
	EndGlobalSection
	GlobalSection(ExtensibilityGlobals) = postSolution
		SolutionGuid = {07F2483B-B4CD-4613-A169-7ADD6F49CF8E}
	EndGlobalSection
EndGlobal
